
Microsoft Visual Studio Solution File, Format Version 12.00
# Visual Studio Version 17
VisualStudioVersion = 17.2.32616.157
MinimumVisualStudioVersion = 10.0.40219.1
Project("{9A19103F-16F7-4668-BE54-9A1E7A4F7556}") = "SerilogDiIssue", "SerilogDiIssue.csproj", "{0DA02414-EB6C-449C-A63E-FBAF74CF3B94}"
EndProject
Global
	GlobalSection(SolutionConfigurationPlatforms) = preSolution
		Debug|Any CPU = Debug|Any CPU
		Release|Any CPU = Release|Any CPU
	EndGlobalSection
	GlobalSection(ProjectConfigurationPlatforms) = postSolution
		{0DA02414-EB6C-449C-A63E-FBAF74CF3B94}.Debug|Any CPU.ActiveCfg = Debug|Any CPU
		{0DA02414-EB6C-449C-A63E-FBAF74CF3B94}.Debug|Any CPU.Build.0 = Debug|Any CPU
		{0DA02414-EB6C-449C-A63E-FBAF74CF3B94}.Release|Any CPU.ActiveCfg = Release|Any CPU
		{0DA02414-EB6C-449C-A63E-FBAF74CF3B94}.Release|Any CPU.Build.0 = Release|Any CPU
	EndGlobalSection
	GlobalSection(SolutionProperties) = preSolution
		HideSolutionNode = FALSE
	EndGlobalSection
	GlobalSection(ExtensibilityGlobals) = postSolution
		SolutionGuid = {C2ADF483-A516-40AC-894A-BDD48C6C8685}
	EndGlobalSection
EndGlobal
